
Microsoft Visual Studio Solution File, Format Version 12.00
# Visual Studio Version 16
VisualStudioVersion = 16.0.31515.178
MinimumVisualStudioVersion = 10.0.40219.1
Project("{9A19103F-16F7-4668-BE54-9A1E7A4F7556}") = "Teste1", "Teste1\Teste1.csproj", "{811CA822-1302-4B29-82B0-1513827EA67B}"
EndProject
Project("{9A19103F-16F7-4668-BE54-9A1E7A4F7556}") = "FreeShop", "FreeShop\FreeShop.csproj", "{5513277C-7DB9-4B36-BED0-3DA10CD283F4}"
EndProject
Project("{FAE04EC0-301F-11D3-BF4B-00C04F79EFBC}") = "Pedagio", "Pedagio\Pedagio.csproj", "{88171464-10AF-47B2-99FA-B88493E6ADBB}"
EndProject
Global
	GlobalSection(SolutionConfigurationPlatforms) = preSolution
		Debug|Any CPU = Debug|Any CPU
		Release|Any CPU = Release|Any CPU
	EndGlobalSection
	GlobalSection(ProjectConfigurationPlatforms) = postSolution
		{811CA822-1302-4B29-82B0-1513827EA67B}.Debug|Any CPU.ActiveCfg = Debug|Any CPU
		{811CA822-1302-4B29-82B0-1513827EA67B}.Debug|Any CPU.Build.0 = Debug|Any CPU
		{811CA822-1302-4B29-82B0-1513827EA67B}.Release|Any CPU.ActiveCfg = Release|Any CPU
		{811CA822-1302-4B29-82B0-1513827EA67B}.Release|Any CPU.Build.0 = Release|Any CPU
		{5513277C-7DB9-4B36-BED0-3DA10CD283F4}.Debug|Any CPU.ActiveCfg = Debug|Any CPU
		{5513277C-7DB9-4B36-BED0-3DA10CD283F4}.Debug|Any CPU.Build.0 = Debug|Any CPU
		{5513277C-7DB9-4B36-BED0-3DA10CD283F4}.Release|Any CPU.ActiveCfg = Release|Any CPU
		{5513277C-7DB9-4B36-BED0-3DA10CD283F4}.Release|Any CPU.Build.0 = Release|Any CPU
		{88171464-10AF-47B2-99FA-B88493E6ADBB}.Debug|Any CPU.ActiveCfg = Debug|Any CPU
		{88171464-10AF-47B2-99FA-B88493E6ADBB}.Debug|Any CPU.Build.0 = Debug|Any CPU
		{88171464-10AF-47B2-99FA-B88493E6ADBB}.Release|Any CPU.ActiveCfg = Release|Any CPU
		{88171464-10AF-47B2-99FA-B88493E6ADBB}.Release|Any CPU.Build.0 = Release|Any CPU
	EndGlobalSection
	GlobalSection(SolutionProperties) = preSolution
		HideSolutionNode = FALSE
	EndGlobalSection
	GlobalSection(ExtensibilityGlobals) = postSolution
		SolutionGuid = {CC5D6933-4BCF-4D7D-B4F0-9F611F0CD75A}
	EndGlobalSection
EndGlobal
